// !$*UTF8*$!
{
	archiveVersion = 1;
	classes = {
	};
	objectVersion = 56;
	objects = {

/* Begin PBXBuildFile section */
		807629D42C3A02DC007C91ED /* OpenTweetApp.swift in Sources */ = {isa = PBXBuildFile; fileRef = 807629D32C3A02DC007C91ED /* OpenTweetApp.swift */; };
		807629D62C3A02DC007C91ED /* ContentView.swift in Sources */ = {isa = PBXBuildFile; fileRef = 807629D52C3A02DC007C91ED /* ContentView.swift */; };
		807629D82C3A02DC007C91ED /* Item.swift in Sources */ = {isa = PBXBuildFile; fileRef = 807629D72C3A02DC007C91ED /* Item.swift */; };
		807629DA2C3A02DD007C91ED /* Assets.xcassets in Resources */ = {isa = PBXBuildFile; fileRef = 807629D92C3A02DD007C91ED /* Assets.xcassets */; };
		807629DE2C3A02DD007C91ED /* Preview Assets.xcassets in Resources */ = {isa = PBXBuildFile; fileRef = 807629DD2C3A02DD007C91ED /* Preview Assets.xcassets */; };
		807629E82C3A02DD007C91ED /* OpenTweetTests.swift in Sources */ = {isa = PBXBuildFile; fileRef = 807629E72C3A02DD007C91ED /* OpenTweetTests.swift */; };
		807629F22C3A02DD007C91ED /* OpenTweetUITests.swift in Sources */ = {isa = PBXBuildFile; fileRef = 807629F12C3A02DD007C91ED /* OpenTweetUITests.swift */; };
		80CD93C22C3A067D007858DE /* NetworkingService.docc in Sources */ = {isa = PBXBuildFile; fileRef = 80CD93C12C3A067D007858DE /* NetworkingService.docc */; };
		80CD93C82C3A067E007858DE /* NetworkingService.framework in Frameworks */ = {isa = PBXBuildFile; fileRef = 80CD93BE2C3A067D007858DE /* NetworkingService.framework */; };
		80CD93CD2C3A067E007858DE /* NetworkingServiceTests.swift in Sources */ = {isa = PBXBuildFile; fileRef = 80CD93CC2C3A067E007858DE /* NetworkingServiceTests.swift */; };
		80CD93D62C3A06B4007858DE /* NetworkingService.swift in Sources */ = {isa = PBXBuildFile; fileRef = 80CD93D52C3A06B4007858DE /* NetworkingService.swift */; };
		80CD93D82C3A08D2007858DE /* NetworkingError.swift in Sources */ = {isa = PBXBuildFile; fileRef = 80CD93D72C3A08D2007858DE /* NetworkingError.swift */; };
		80CD93DA2C3A0AFB007858DE /* NetworkingRequesting.swift in Sources */ = {isa = PBXBuildFile; fileRef = 80CD93D92C3A0AFB007858DE /* NetworkingRequesting.swift */; };
		80CD93DC2C3A0CA5007858DE /* NetworkingRequesterMock.swift in Sources */ = {isa = PBXBuildFile; fileRef = 80CD93DB2C3A0CA5007858DE /* NetworkingRequesterMock.swift */; };
		80CD93DE2C3A0EDF007858DE /* NetworkingService.framework in Frameworks */ = {isa = PBXBuildFile; fileRef = 80CD93BE2C3A067D007858DE /* NetworkingService.framework */; platformFilter = ios; };
		80CD93E92C3A14FF007858DE /* InjectionService.docc in Sources */ = {isa = PBXBuildFile; fileRef = 80CD93E82C3A14FF007858DE /* InjectionService.docc */; };
		80CD93EF2C3A1500007858DE /* InjectionService.framework in Frameworks */ = {isa = PBXBuildFile; fileRef = 80CD93E52C3A14FF007858DE /* InjectionService.framework */; };
		80CD93F62C3A1500007858DE /* InjectionServiceTests.swift in Sources */ = {isa = PBXBuildFile; fileRef = 80CD93F52C3A1500007858DE /* InjectionServiceTests.swift */; };
		80CD93FA2C3A1500007858DE /* InjectionService.framework in Frameworks */ = {isa = PBXBuildFile; fileRef = 80CD93E52C3A14FF007858DE /* InjectionService.framework */; };
		80CD93FC2C3A1500007858DE /* InjectionService.framework in Embed Frameworks */ = {isa = PBXBuildFile; fileRef = 80CD93E52C3A14FF007858DE /* InjectionService.framework */; settings = {ATTRIBUTES = (CodeSignOnCopy, RemoveHeadersOnCopy, ); }; };
		80CD94042C3A1515007858DE /* InjectionService.swift in Sources */ = {isa = PBXBuildFile; fileRef = 80CD94032C3A1515007858DE /* InjectionService.swift */; };
		80CD940C2C3A1F56007858DE /* NetworkingServiceInterface.swift in Sources */ = {isa = PBXBuildFile; fileRef = 80CD940B2C3A1F56007858DE /* NetworkingServiceInterface.swift */; };
/* End PBXBuildFile section */

/* Begin PBXContainerItemProxy section */
		807629E42C3A02DD007C91ED /* PBXContainerItemProxy */ = {
			isa = PBXContainerItemProxy;
			containerPortal = 807629C82C3A02DC007C91ED /* Project object */;
			proxyType = 1;
			remoteGlobalIDString = 807629CF2C3A02DC007C91ED;
			remoteInfo = OpenTweet;
		};
		807629EE2C3A02DD007C91ED /* PBXContainerItemProxy */ = {
			isa = PBXContainerItemProxy;
			containerPortal = 807629C82C3A02DC007C91ED /* Project object */;
			proxyType = 1;
			remoteGlobalIDString = 807629CF2C3A02DC007C91ED;
			remoteInfo = OpenTweet;
		};
		80CD93C92C3A067E007858DE /* PBXContainerItemProxy */ = {
			isa = PBXContainerItemProxy;
			containerPortal = 807629C82C3A02DC007C91ED /* Project object */;
			proxyType = 1;
			remoteGlobalIDString = 80CD93BD2C3A067D007858DE;
			remoteInfo = NetworkingService;
		};
		80CD93F02C3A1500007858DE /* PBXContainerItemProxy */ = {
			isa = PBXContainerItemProxy;
			containerPortal = 807629C82C3A02DC007C91ED /* Project object */;
			proxyType = 1;
			remoteGlobalIDString = 80CD93E42C3A14FF007858DE;
			remoteInfo = InjectionService;
		};
		80CD93F22C3A1500007858DE /* PBXContainerItemProxy */ = {
			isa = PBXContainerItemProxy;
			containerPortal = 807629C82C3A02DC007C91ED /* Project object */;
			proxyType = 1;
			remoteGlobalIDString = 807629CF2C3A02DC007C91ED;
			remoteInfo = OpenTweet;
		};
		80CD93F82C3A1500007858DE /* PBXContainerItemProxy */ = {
			isa = PBXContainerItemProxy;
			containerPortal = 807629C82C3A02DC007C91ED /* Project object */;
			proxyType = 1;
			remoteGlobalIDString = 80CD93E42C3A14FF007858DE;
			remoteInfo = InjectionService;
		};
/* End PBXContainerItemProxy section */

/* Begin PBXCopyFilesBuildPhase section */
		80CD93FB2C3A1500007858DE /* Embed Frameworks */ = {
			isa = PBXCopyFilesBuildPhase;
			buildActionMask = 2147483647;
			dstPath = "";
			dstSubfolderSpec = 10;
			files = (
				80CD93FC2C3A1500007858DE /* InjectionService.framework in Embed Frameworks */,
			);
			name = "Embed Frameworks";
			runOnlyForDeploymentPostprocessing = 0;
		};
		80CD94072C3A1F56007858DE /* CopyFiles */ = {
			isa = PBXCopyFilesBuildPhase;
			buildActionMask = 2147483647;
			dstPath = "include/$(PRODUCT_NAME)";
			dstSubfolderSpec = 16;
			files = (
			);
			runOnlyForDeploymentPostprocessing = 0;
		};
/* End PBXCopyFilesBuildPhase section */

/* Begin PBXFileReference section */
		807629D02C3A02DC007C91ED /* OpenTweet.app */ = {isa = PBXFileReference; explicitFileType = wrapper.application; includeInIndex = 0; path = OpenTweet.app; sourceTree = BUILT_PRODUCTS_DIR; };
		807629D32C3A02DC007C91ED /* OpenTweetApp.swift */ = {isa = PBXFileReference; lastKnownFileType = sourcecode.swift; path = OpenTweetApp.swift; sourceTree = "<group>"; };
		807629D52C3A02DC007C91ED /* ContentView.swift */ = {isa = PBXFileReference; lastKnownFileType = sourcecode.swift; path = ContentView.swift; sourceTree = "<group>"; };
		807629D72C3A02DC007C91ED /* Item.swift */ = {isa = PBXFileReference; lastKnownFileType = sourcecode.swift; path = Item.swift; sourceTree = "<group>"; };
		807629D92C3A02DD007C91ED /* Assets.xcassets */ = {isa = PBXFileReference; lastKnownFileType = folder.assetcatalog; path = Assets.xcassets; sourceTree = "<group>"; };
		807629DB2C3A02DD007C91ED /* OpenTweet.entitlements */ = {isa = PBXFileReference; lastKnownFileType = text.plist.entitlements; path = OpenTweet.entitlements; sourceTree = "<group>"; };
		807629DD2C3A02DD007C91ED /* Preview Assets.xcassets */ = {isa = PBXFileReference; lastKnownFileType = folder.assetcatalog; path = "Preview Assets.xcassets"; sourceTree = "<group>"; };
		807629E32C3A02DD007C91ED /* OpenTweetTests.xctest */ = {isa = PBXFileReference; explicitFileType = wrapper.cfbundle; includeInIndex = 0; path = OpenTweetTests.xctest; sourceTree = BUILT_PRODUCTS_DIR; };
		807629E72C3A02DD007C91ED /* OpenTweetTests.swift */ = {isa = PBXFileReference; lastKnownFileType = sourcecode.swift; path = OpenTweetTests.swift; sourceTree = "<group>"; };
		807629ED2C3A02DD007C91ED /* OpenTweetUITests.xctest */ = {isa = PBXFileReference; explicitFileType = wrapper.cfbundle; includeInIndex = 0; path = OpenTweetUITests.xctest; sourceTree = BUILT_PRODUCTS_DIR; };
		807629F12C3A02DD007C91ED /* OpenTweetUITests.swift */ = {isa = PBXFileReference; lastKnownFileType = sourcecode.swift; path = OpenTweetUITests.swift; sourceTree = "<group>"; };
		80CD93BE2C3A067D007858DE /* NetworkingService.framework */ = {isa = PBXFileReference; explicitFileType = wrapper.framework; includeInIndex = 0; path = NetworkingService.framework; sourceTree = BUILT_PRODUCTS_DIR; };
		80CD93C12C3A067D007858DE /* NetworkingService.docc */ = {isa = PBXFileReference; lastKnownFileType = folder.documentationcatalog; path = NetworkingService.docc; sourceTree = "<group>"; };
		80CD93C72C3A067E007858DE /* NetworkingServiceTests.xctest */ = {isa = PBXFileReference; explicitFileType = wrapper.cfbundle; includeInIndex = 0; path = NetworkingServiceTests.xctest; sourceTree = BUILT_PRODUCTS_DIR; };
		80CD93CC2C3A067E007858DE /* NetworkingServiceTests.swift */ = {isa = PBXFileReference; lastKnownFileType = sourcecode.swift; path = NetworkingServiceTests.swift; sourceTree = "<group>"; };
		80CD93D52C3A06B4007858DE /* NetworkingService.swift */ = {isa = PBXFileReference; lastKnownFileType = sourcecode.swift; path = NetworkingService.swift; sourceTree = "<group>"; };
		80CD93D72C3A08D2007858DE /* NetworkingError.swift */ = {isa = PBXFileReference; lastKnownFileType = sourcecode.swift; path = NetworkingError.swift; sourceTree = "<group>"; };
		80CD93D92C3A0AFB007858DE /* NetworkingRequesting.swift */ = {isa = PBXFileReference; lastKnownFileType = sourcecode.swift; path = NetworkingRequesting.swift; sourceTree = "<group>"; };
		80CD93DB2C3A0CA5007858DE /* NetworkingRequesterMock.swift */ = {isa = PBXFileReference; lastKnownFileType = sourcecode.swift; path = NetworkingRequesterMock.swift; sourceTree = "<group>"; };
		80CD93DF2C3A1075007858DE /* OpenTweet.xctestplan */ = {isa = PBXFileReference; lastKnownFileType = text; path = OpenTweet.xctestplan; sourceTree = "<group>"; };
		80CD93E52C3A14FF007858DE /* InjectionService.framework */ = {isa = PBXFileReference; explicitFileType = wrapper.framework; includeInIndex = 0; path = InjectionService.framework; sourceTree = BUILT_PRODUCTS_DIR; };
		80CD93E82C3A14FF007858DE /* InjectionService.docc */ = {isa = PBXFileReference; lastKnownFileType = folder.documentationcatalog; path = InjectionService.docc; sourceTree = "<group>"; };
		80CD93EE2C3A1500007858DE /* InjectionServiceTests.xctest */ = {isa = PBXFileReference; explicitFileType = wrapper.cfbundle; includeInIndex = 0; path = InjectionServiceTests.xctest; sourceTree = BUILT_PRODUCTS_DIR; };
		80CD93F52C3A1500007858DE /* InjectionServiceTests.swift */ = {isa = PBXFileReference; lastKnownFileType = sourcecode.swift; path = InjectionServiceTests.swift; sourceTree = "<group>"; };
		80CD94032C3A1515007858DE /* InjectionService.swift */ = {isa = PBXFileReference; lastKnownFileType = sourcecode.swift; path = InjectionService.swift; sourceTree = "<group>"; };
		80CD94092C3A1F56007858DE /* libNetworkingServiceInterface.a */ = {isa = PBXFileReference; explicitFileType = archive.ar; includeInIndex = 0; path = libNetworkingServiceInterface.a; sourceTree = BUILT_PRODUCTS_DIR; };
		80CD940B2C3A1F56007858DE /* NetworkingServiceInterface.swift */ = {isa = PBXFileReference; lastKnownFileType = sourcecode.swift; path = NetworkingServiceInterface.swift; sourceTree = "<group>"; };
/* End PBXFileReference section */

/* Begin PBXFrameworksBuildPhase section */
		807629CD2C3A02DC007C91ED /* Frameworks */ = {
			isa = PBXFrameworksBuildPhase;
			buildActionMask = 2147483647;
			files = (
				80CD93FA2C3A1500007858DE /* InjectionService.framework in Frameworks */,
				80CD93DE2C3A0EDF007858DE /* NetworkingService.framework in Frameworks */,
			);
			runOnlyForDeploymentPostprocessing = 0;
		};
		807629E02C3A02DD007C91ED /* Frameworks */ = {
			isa = PBXFrameworksBuildPhase;
			buildActionMask = 2147483647;
			files = (
			);
			runOnlyForDeploymentPostprocessing = 0;
		};
		807629EA2C3A02DD007C91ED /* Frameworks */ = {
			isa = PBXFrameworksBuildPhase;
			buildActionMask = 2147483647;
			files = (
			);
			runOnlyForDeploymentPostprocessing = 0;
		};
		80CD93BB2C3A067D007858DE /* Frameworks */ = {
			isa = PBXFrameworksBuildPhase;
			buildActionMask = 2147483647;
			files = (
			);
			runOnlyForDeploymentPostprocessing = 0;
		};
		80CD93C42C3A067E007858DE /* Frameworks */ = {
			isa = PBXFrameworksBuildPhase;
			buildActionMask = 2147483647;
			files = (
				80CD93C82C3A067E007858DE /* NetworkingService.framework in Frameworks */,
			);
			runOnlyForDeploymentPostprocessing = 0;
		};
		80CD93E22C3A14FF007858DE /* Frameworks */ = {
			isa = PBXFrameworksBuildPhase;
			buildActionMask = 2147483647;
			files = (
			);
			runOnlyForDeploymentPostprocessing = 0;
		};
		80CD93EB2C3A1500007858DE /* Frameworks */ = {
			isa = PBXFrameworksBuildPhase;
			buildActionMask = 2147483647;
			files = (
				80CD93EF2C3A1500007858DE /* InjectionService.framework in Frameworks */,
			);
			runOnlyForDeploymentPostprocessing = 0;
		};
		80CD94062C3A1F56007858DE /* Frameworks */ = {
			isa = PBXFrameworksBuildPhase;
			buildActionMask = 2147483647;
			files = (
			);
			runOnlyForDeploymentPostprocessing = 0;
		};
/* End PBXFrameworksBuildPhase section */

/* Begin PBXGroup section */
		807629C72C3A02DC007C91ED = {
			isa = PBXGroup;
			children = (
				80CD93DF2C3A1075007858DE /* OpenTweet.xctestplan */,
				807629D22C3A02DC007C91ED /* OpenTweet */,
				807629E62C3A02DD007C91ED /* OpenTweetTests */,
				807629F02C3A02DD007C91ED /* OpenTweetUITests */,
				80CD93BF2C3A067D007858DE /* NetworkingService */,
				80CD93CB2C3A067E007858DE /* NetworkingServiceTests */,
				80CD93E62C3A14FF007858DE /* InjectionService */,
				80CD93F42C3A1500007858DE /* InjectionServiceTests */,
				80CD940A2C3A1F56007858DE /* NetworkingServiceInterface */,
				807629D12C3A02DC007C91ED /* Products */,
				80CD93DD2C3A0EDF007858DE /* Frameworks */,
			);
			sourceTree = "<group>";
		};
		807629D12C3A02DC007C91ED /* Products */ = {
			isa = PBXGroup;
			children = (
				807629D02C3A02DC007C91ED /* OpenTweet.app */,
				807629E32C3A02DD007C91ED /* OpenTweetTests.xctest */,
				807629ED2C3A02DD007C91ED /* OpenTweetUITests.xctest */,
				80CD93BE2C3A067D007858DE /* NetworkingService.framework */,
				80CD93C72C3A067E007858DE /* NetworkingServiceTests.xctest */,
				80CD93E52C3A14FF007858DE /* InjectionService.framework */,
				80CD93EE2C3A1500007858DE /* InjectionServiceTests.xctest */,
				80CD94092C3A1F56007858DE /* libNetworkingServiceInterface.a */,
			);
			name = Products;
			sourceTree = "<group>";
		};
		807629D22C3A02DC007C91ED /* OpenTweet */ = {
			isa = PBXGroup;
			children = (
				807629D32C3A02DC007C91ED /* OpenTweetApp.swift */,
				807629D52C3A02DC007C91ED /* ContentView.swift */,
				807629D72C3A02DC007C91ED /* Item.swift */,
				807629D92C3A02DD007C91ED /* Assets.xcassets */,
				807629DB2C3A02DD007C91ED /* OpenTweet.entitlements */,
				807629DC2C3A02DD007C91ED /* Preview Content */,
			);
			path = OpenTweet;
			sourceTree = "<group>";
		};
		807629DC2C3A02DD007C91ED /* Preview Content */ = {
			isa = PBXGroup;
			children = (
				807629DD2C3A02DD007C91ED /* Preview Assets.xcassets */,
			);
			path = "Preview Content";
			sourceTree = "<group>";
		};
		807629E62C3A02DD007C91ED /* OpenTweetTests */ = {
			isa = PBXGroup;
			children = (
				807629E72C3A02DD007C91ED /* OpenTweetTests.swift */,
			);
			path = OpenTweetTests;
			sourceTree = "<group>";
		};
		807629F02C3A02DD007C91ED /* OpenTweetUITests */ = {
			isa = PBXGroup;
			children = (
				807629F12C3A02DD007C91ED /* OpenTweetUITests.swift */,
			);
			path = OpenTweetUITests;
			sourceTree = "<group>";
		};
		80CD93BF2C3A067D007858DE /* NetworkingService */ = {
			isa = PBXGroup;
			children = (
				80CD93D52C3A06B4007858DE /* NetworkingService.swift */,
				80CD93D92C3A0AFB007858DE /* NetworkingRequesting.swift */,
				80CD93D72C3A08D2007858DE /* NetworkingError.swift */,
				80CD93C12C3A067D007858DE /* NetworkingService.docc */,
			);
			path = NetworkingService;
			sourceTree = "<group>";
		};
		80CD93CB2C3A067E007858DE /* NetworkingServiceTests */ = {
			isa = PBXGroup;
			children = (
				80CD93CC2C3A067E007858DE /* NetworkingServiceTests.swift */,
				80CD93DB2C3A0CA5007858DE /* NetworkingRequesterMock.swift */,
			);
			path = NetworkingServiceTests;
			sourceTree = "<group>";
		};
		80CD93DD2C3A0EDF007858DE /* Frameworks */ = {
			isa = PBXGroup;
			children = (
			);
			name = Frameworks;
			sourceTree = "<group>";
		};
		80CD93E62C3A14FF007858DE /* InjectionService */ = {
			isa = PBXGroup;
			children = (
				80CD94032C3A1515007858DE /* InjectionService.swift */,
				80CD93E82C3A14FF007858DE /* InjectionService.docc */,
			);
			path = InjectionService;
			sourceTree = "<group>";
		};
		80CD93F42C3A1500007858DE /* InjectionServiceTests */ = {
			isa = PBXGroup;
			children = (
				80CD93F52C3A1500007858DE /* InjectionServiceTests.swift */,
			);
			path = InjectionServiceTests;
			sourceTree = "<group>";
		};
		80CD940A2C3A1F56007858DE /* NetworkingServiceInterface */ = {
			isa = PBXGroup;
			children = (
				80CD940B2C3A1F56007858DE /* NetworkingServiceInterface.swift */,
			);
			path = NetworkingServiceInterface;
			sourceTree = "<group>";
		};
/* End PBXGroup section */

/* Begin PBXHeadersBuildPhase section */
		80CD93B92C3A067D007858DE /* Headers */ = {
			isa = PBXHeadersBuildPhase;
			buildActionMask = 2147483647;
			files = (
			);
			runOnlyForDeploymentPostprocessing = 0;
		};
		80CD93E02C3A14FF007858DE /* Headers */ = {
			isa = PBXHeadersBuildPhase;
			buildActionMask = 2147483647;
			files = (
			);
			runOnlyForDeploymentPostprocessing = 0;
		};
/* End PBXHeadersBuildPhase section */

/* Begin PBXNativeTarget section */
		807629CF2C3A02DC007C91ED /* OpenTweet */ = {
			isa = PBXNativeTarget;
			buildConfigurationList = 807629F72C3A02DD007C91ED /* Build configuration list for PBXNativeTarget "OpenTweet" */;
			buildPhases = (
				807629CC2C3A02DC007C91ED /* Sources */,
				807629CD2C3A02DC007C91ED /* Frameworks */,
				807629CE2C3A02DC007C91ED /* Resources */,
				80CD93FB2C3A1500007858DE /* Embed Frameworks */,
			);
			buildRules = (
			);
			dependencies = (
				80CD93F92C3A1500007858DE /* PBXTargetDependency */,
			);
			name = OpenTweet;
			productName = OpenTweet;
			productReference = 807629D02C3A02DC007C91ED /* OpenTweet.app */;
			productType = "com.apple.product-type.application";
		};
		807629E22C3A02DD007C91ED /* OpenTweetTests */ = {
			isa = PBXNativeTarget;
			buildConfigurationList = 807629FA2C3A02DD007C91ED /* Build configuration list for PBXNativeTarget "OpenTweetTests" */;
			buildPhases = (
				807629DF2C3A02DD007C91ED /* Sources */,
				807629E02C3A02DD007C91ED /* Frameworks */,
				807629E12C3A02DD007C91ED /* Resources */,
			);
			buildRules = (
			);
			dependencies = (
				807629E52C3A02DD007C91ED /* PBXTargetDependency */,
			);
			name = OpenTweetTests;
			productName = OpenTweetTests;
			productReference = 807629E32C3A02DD007C91ED /* OpenTweetTests.xctest */;
			productType = "com.apple.product-type.bundle.unit-test";
		};
		807629EC2C3A02DD007C91ED /* OpenTweetUITests */ = {
			isa = PBXNativeTarget;
			buildConfigurationList = 807629FD2C3A02DD007C91ED /* Build configuration list for PBXNativeTarget "OpenTweetUITests" */;
			buildPhases = (
				807629E92C3A02DD007C91ED /* Sources */,
				807629EA2C3A02DD007C91ED /* Frameworks */,
				807629EB2C3A02DD007C91ED /* Resources */,
			);
			buildRules = (
			);
			dependencies = (
				807629EF2C3A02DD007C91ED /* PBXTargetDependency */,
			);
			name = OpenTweetUITests;
			productName = OpenTweetUITests;
			productReference = 807629ED2C3A02DD007C91ED /* OpenTweetUITests.xctest */;
			productType = "com.apple.product-type.bundle.ui-testing";
		};
		80CD93BD2C3A067D007858DE /* NetworkingService */ = {
			isa = PBXNativeTarget;
			buildConfigurationList = 80CD93D32C3A067E007858DE /* Build configuration list for PBXNativeTarget "NetworkingService" */;
			buildPhases = (
				80CD93B92C3A067D007858DE /* Headers */,
				80CD93BA2C3A067D007858DE /* Sources */,
				80CD93BB2C3A067D007858DE /* Frameworks */,
				80CD93BC2C3A067D007858DE /* Resources */,
			);
			buildRules = (
			);
			dependencies = (
			);
			name = NetworkingService;
			productName = NetworkingService;
			productReference = 80CD93BE2C3A067D007858DE /* NetworkingService.framework */;
			productType = "com.apple.product-type.framework";
		};
		80CD93C62C3A067E007858DE /* NetworkingServiceTests */ = {
			isa = PBXNativeTarget;
			buildConfigurationList = 80CD93D42C3A067E007858DE /* Build configuration list for PBXNativeTarget "NetworkingServiceTests" */;
			buildPhases = (
				80CD93C32C3A067E007858DE /* Sources */,
				80CD93C42C3A067E007858DE /* Frameworks */,
				80CD93C52C3A067E007858DE /* Resources */,
			);
			buildRules = (
			);
			dependencies = (
				80CD93CA2C3A067E007858DE /* PBXTargetDependency */,
			);
			name = NetworkingServiceTests;
			productName = NetworkingServiceTests;
			productReference = 80CD93C72C3A067E007858DE /* NetworkingServiceTests.xctest */;
			productType = "com.apple.product-type.bundle.unit-test";
		};
		80CD93E42C3A14FF007858DE /* InjectionService */ = {
			isa = PBXNativeTarget;
			buildConfigurationList = 80CD93FD2C3A1500007858DE /* Build configuration list for PBXNativeTarget "InjectionService" */;
			buildPhases = (
				80CD93E02C3A14FF007858DE /* Headers */,
				80CD93E12C3A14FF007858DE /* Sources */,
				80CD93E22C3A14FF007858DE /* Frameworks */,
				80CD93E32C3A14FF007858DE /* Resources */,
			);
			buildRules = (
			);
			dependencies = (
			);
			name = InjectionService;
			productName = InjectionService;
			productReference = 80CD93E52C3A14FF007858DE /* InjectionService.framework */;
			productType = "com.apple.product-type.framework";
		};
		80CD93ED2C3A1500007858DE /* InjectionServiceTests */ = {
			isa = PBXNativeTarget;
			buildConfigurationList = 80CD94002C3A1500007858DE /* Build configuration list for PBXNativeTarget "InjectionServiceTests" */;
			buildPhases = (
				80CD93EA2C3A1500007858DE /* Sources */,
				80CD93EB2C3A1500007858DE /* Frameworks */,
				80CD93EC2C3A1500007858DE /* Resources */,
			);
			buildRules = (
			);
			dependencies = (
				80CD93F12C3A1500007858DE /* PBXTargetDependency */,
				80CD93F32C3A1500007858DE /* PBXTargetDependency */,
			);
			name = InjectionServiceTests;
			productName = InjectionServiceTests;
			productReference = 80CD93EE2C3A1500007858DE /* InjectionServiceTests.xctest */;
			productType = "com.apple.product-type.bundle.unit-test";
		};
		80CD94082C3A1F56007858DE /* NetworkingServiceInterface */ = {
			isa = PBXNativeTarget;
			buildConfigurationList = 80CD940D2C3A1F56007858DE /* Build configuration list for PBXNativeTarget "NetworkingServiceInterface" */;
			buildPhases = (
				80CD94052C3A1F56007858DE /* Sources */,
				80CD94062C3A1F56007858DE /* Frameworks */,
				80CD94072C3A1F56007858DE /* CopyFiles */,
			);
			buildRules = (
			);
			dependencies = (
			);
			name = NetworkingServiceInterface;
			productName = NetworkingServiceInterface;
			productReference = 80CD94092C3A1F56007858DE /* libNetworkingServiceInterface.a */;
			productType = "com.apple.product-type.library.static";
		};
/* End PBXNativeTarget section */

/* Begin PBXProject section */
		807629C82C3A02DC007C91ED /* Project object */ = {
			isa = PBXProject;
			attributes = {
				BuildIndependentTargetsInParallel = 1;
				LastSwiftUpdateCheck = 1540;
				LastUpgradeCheck = 1540;
				TargetAttributes = {
					807629CF2C3A02DC007C91ED = {
						CreatedOnToolsVersion = 15.4;
					};
					807629E22C3A02DD007C91ED = {
						CreatedOnToolsVersion = 15.4;
						TestTargetID = 807629CF2C3A02DC007C91ED;
					};
					807629EC2C3A02DD007C91ED = {
						CreatedOnToolsVersion = 15.4;
						TestTargetID = 807629CF2C3A02DC007C91ED;
					};
					80CD93BD2C3A067D007858DE = {
						CreatedOnToolsVersion = 15.4;
					};
					80CD93C62C3A067E007858DE = {
						CreatedOnToolsVersion = 15.4;
					};
					80CD93E42C3A14FF007858DE = {
						CreatedOnToolsVersion = 15.4;
					};
					80CD93ED2C3A1500007858DE = {
						CreatedOnToolsVersion = 15.4;
						TestTargetID = 807629CF2C3A02DC007C91ED;
					};
					80CD94082C3A1F56007858DE = {
						CreatedOnToolsVersion = 15.4;
					};
				};
			};
			buildConfigurationList = 807629CB2C3A02DC007C91ED /* Build configuration list for PBXProject "OpenTweet" */;
			compatibilityVersion = "Xcode 14.0";
			developmentRegion = en;
			hasScannedForEncodings = 0;
			knownRegions = (
				en,
				Base,
			);
			mainGroup = 807629C72C3A02DC007C91ED;
			productRefGroup = 807629D12C3A02DC007C91ED /* Products */;
			projectDirPath = "";
			projectRoot = "";
			targets = (
				807629CF2C3A02DC007C91ED /* OpenTweet */,
				807629E22C3A02DD007C91ED /* OpenTweetTests */,
				807629EC2C3A02DD007C91ED /* OpenTweetUITests */,
				80CD93BD2C3A067D007858DE /* NetworkingService */,
				80CD93C62C3A067E007858DE /* NetworkingServiceTests */,
				80CD93E42C3A14FF007858DE /* InjectionService */,
				80CD93ED2C3A1500007858DE /* InjectionServiceTests */,
				80CD94082C3A1F56007858DE /* NetworkingServiceInterface */,
			);
		};
/* End PBXProject section */

/* Begin PBXResourcesBuildPhase section */
		807629CE2C3A02DC007C91ED /* Resources */ = {
			isa = PBXResourcesBuildPhase;
			buildActionMask = 2147483647;
			files = (
				807629DE2C3A02DD007C91ED /* Preview Assets.xcassets in Resources */,
				807629DA2C3A02DD007C91ED /* Assets.xcassets in Resources */,
			);
			runOnlyForDeploymentPostprocessing = 0;
		};
		807629E12C3A02DD007C91ED /* Resources */ = {
			isa = PBXResourcesBuildPhase;
			buildActionMask = 2147483647;
			files = (
			);
			runOnlyForDeploymentPostprocessing = 0;
		};
		807629EB2C3A02DD007C91ED /* Resources */ = {
			isa = PBXResourcesBuildPhase;
			buildActionMask = 2147483647;
			files = (
			);
			runOnlyForDeploymentPostprocessing = 0;
		};
		80CD93BC2C3A067D007858DE /* Resources */ = {
			isa = PBXResourcesBuildPhase;
			buildActionMask = 2147483647;
			files = (
			);
			runOnlyForDeploymentPostprocessing = 0;
		};
		80CD93C52C3A067E007858DE /* Resources */ = {
			isa = PBXResourcesBuildPhase;
			buildActionMask = 2147483647;
			files = (
			);
			runOnlyForDeploymentPostprocessing = 0;
		};
		80CD93E32C3A14FF007858DE /* Resources */ = {
			isa = PBXResourcesBuildPhase;
			buildActionMask = 2147483647;
			files = (
			);
			runOnlyForDeploymentPostprocessing = 0;
		};
		80CD93EC2C3A1500007858DE /* Resources */ = {
			isa = PBXResourcesBuildPhase;
			buildActionMask = 2147483647;
			files = (
			);
			runOnlyForDeploymentPostprocessing = 0;
		};
/* End PBXResourcesBuildPhase section */

/* Begin PBXSourcesBuildPhase section */
		807629CC2C3A02DC007C91ED /* Sources */ = {
			isa = PBXSourcesBuildPhase;
			buildActionMask = 2147483647;
			files = (
				807629D62C3A02DC007C91ED /* ContentView.swift in Sources */,
				807629D82C3A02DC007C91ED /* Item.swift in Sources */,
				807629D42C3A02DC007C91ED /* OpenTweetApp.swift in Sources */,
			);
			runOnlyForDeploymentPostprocessing = 0;
		};
		807629DF2C3A02DD007C91ED /* Sources */ = {
			isa = PBXSourcesBuildPhase;
			buildActionMask = 2147483647;
			files = (
				807629E82C3A02DD007C91ED /* OpenTweetTests.swift in Sources */,
			);
			runOnlyForDeploymentPostprocessing = 0;
		};
		807629E92C3A02DD007C91ED /* Sources */ = {
			isa = PBXSourcesBuildPhase;
			buildActionMask = 2147483647;
			files = (
				807629F22C3A02DD007C91ED /* OpenTweetUITests.swift in Sources */,
			);
			runOnlyForDeploymentPostprocessing = 0;
		};
		80CD93BA2C3A067D007858DE /* Sources */ = {
			isa = PBXSourcesBuildPhase;
			buildActionMask = 2147483647;
			files = (
				80CD93DA2C3A0AFB007858DE /* NetworkingRequesting.swift in Sources */,
				80CD93D82C3A08D2007858DE /* NetworkingError.swift in Sources */,
				80CD93C22C3A067D007858DE /* NetworkingService.docc in Sources */,
				80CD93D62C3A06B4007858DE /* NetworkingService.swift in Sources */,
			);
			runOnlyForDeploymentPostprocessing = 0;
		};
		80CD93C32C3A067E007858DE /* Sources */ = {
			isa = PBXSourcesBuildPhase;
			buildActionMask = 2147483647;
			files = (
				80CD93DC2C3A0CA5007858DE /* NetworkingRequesterMock.swift in Sources */,
				80CD93CD2C3A067E007858DE /* NetworkingServiceTests.swift in Sources */,
			);
			runOnlyForDeploymentPostprocessing = 0;
		};
		80CD93E12C3A14FF007858DE /* Sources */ = {
			isa = PBXSourcesBuildPhase;
			buildActionMask = 2147483647;
			files = (
				80CD93E92C3A14FF007858DE /* InjectionService.docc in Sources */,
				80CD94042C3A1515007858DE /* InjectionService.swift in Sources */,
			);
			runOnlyForDeploymentPostprocessing = 0;
		};
		80CD93EA2C3A1500007858DE /* Sources */ = {
			isa = PBXSourcesBuildPhase;
			buildActionMask = 2147483647;
			files = (
				80CD93F62C3A1500007858DE /* InjectionServiceTests.swift in Sources */,
			);
			runOnlyForDeploymentPostprocessing = 0;
		};
		80CD94052C3A1F56007858DE /* Sources */ = {
			isa = PBXSourcesBuildPhase;
			buildActionMask = 2147483647;
			files = (
				80CD940C2C3A1F56007858DE /* NetworkingServiceInterface.swift in Sources */,
			);
			runOnlyForDeploymentPostprocessing = 0;
		};
/* End PBXSourcesBuildPhase section */

/* Begin PBXTargetDependency section */
		807629E52C3A02DD007C91ED /* PBXTargetDependency */ = {
			isa = PBXTargetDependency;
			target = 807629CF2C3A02DC007C91ED /* OpenTweet */;
			targetProxy = 807629E42C3A02DD007C91ED /* PBXContainerItemProxy */;
		};
		807629EF2C3A02DD007C91ED /* PBXTargetDependency */ = {
			isa = PBXTargetDependency;
			target = 807629CF2C3A02DC007C91ED /* OpenTweet */;
			targetProxy = 807629EE2C3A02DD007C91ED /* PBXContainerItemProxy */;
		};
		80CD93CA2C3A067E007858DE /* PBXTargetDependency */ = {
			isa = PBXTargetDependency;
			target = 80CD93BD2C3A067D007858DE /* NetworkingService */;
			targetProxy = 80CD93C92C3A067E007858DE /* PBXContainerItemProxy */;
		};
		80CD93F12C3A1500007858DE /* PBXTargetDependency */ = {
			isa = PBXTargetDependency;
			target = 80CD93E42C3A14FF007858DE /* InjectionService */;
			targetProxy = 80CD93F02C3A1500007858DE /* PBXContainerItemProxy */;
		};
		80CD93F32C3A1500007858DE /* PBXTargetDependency */ = {
			isa = PBXTargetDependency;
			target = 807629CF2C3A02DC007C91ED /* OpenTweet */;
			targetProxy = 80CD93F22C3A1500007858DE /* PBXContainerItemProxy */;
		};
		80CD93F92C3A1500007858DE /* PBXTargetDependency */ = {
			isa = PBXTargetDependency;
			target = 80CD93E42C3A14FF007858DE /* InjectionService */;
			targetProxy = 80CD93F82C3A1500007858DE /* PBXContainerItemProxy */;
		};
/* End PBXTargetDependency section */

/* Begin XCBuildConfiguration section */
		807629F52C3A02DD007C91ED /* Debug */ = {
			isa = XCBuildConfiguration;
			buildSettings = {
				ALWAYS_SEARCH_USER_PATHS = NO;
				ASSETCATALOG_COMPILER_GENERATE_SWIFT_ASSET_SYMBOL_EXTENSIONS = YES;
				CLANG_ANALYZER_NONNULL = YES;
				CLANG_ANALYZER_NUMBER_OBJECT_CONVERSION = YES_AGGRESSIVE;
				CLANG_CXX_LANGUAGE_STANDARD = "gnu++20";
				CLANG_ENABLE_MODULES = YES;
				CLANG_ENABLE_OBJC_ARC = YES;
				CLANG_ENABLE_OBJC_WEAK = YES;
				CLANG_WARN_BLOCK_CAPTURE_AUTORELEASING = YES;
				CLANG_WARN_BOOL_CONVERSION = YES;
				CLANG_WARN_COMMA = YES;
				CLANG_WARN_CONSTANT_CONVERSION = YES;
				CLANG_WARN_DEPRECATED_OBJC_IMPLEMENTATIONS = YES;
				CLANG_WARN_DIRECT_OBJC_ISA_USAGE = YES_ERROR;
				CLANG_WARN_DOCUMENTATION_COMMENTS = YES;
				CLANG_WARN_EMPTY_BODY = YES;
				CLANG_WARN_ENUM_CONVERSION = YES;
				CLANG_WARN_INFINITE_RECURSION = YES;
				CLANG_WARN_INT_CONVERSION = YES;
				CLANG_WARN_NON_LITERAL_NULL_CONVERSION = YES;
				CLANG_WARN_OBJC_IMPLICIT_RETAIN_SELF = YES;
				CLANG_WARN_OBJC_LITERAL_CONVERSION = YES;
				CLANG_WARN_OBJC_ROOT_CLASS = YES_ERROR;
				CLANG_WARN_QUOTED_INCLUDE_IN_FRAMEWORK_HEADER = YES;
				CLANG_WARN_RANGE_LOOP_ANALYSIS = YES;
				CLANG_WARN_STRICT_PROTOTYPES = YES;
				CLANG_WARN_SUSPICIOUS_MOVE = YES;
				CLANG_WARN_UNGUARDED_AVAILABILITY = YES_AGGRESSIVE;
				CLANG_WARN_UNREACHABLE_CODE = YES;
				CLANG_WARN__DUPLICATE_METHOD_MATCH = YES;
				COPY_PHASE_STRIP = NO;
				DEBUG_INFORMATION_FORMAT = dwarf;
				ENABLE_STRICT_OBJC_MSGSEND = YES;
				ENABLE_TESTABILITY = YES;
				ENABLE_USER_SCRIPT_SANDBOXING = YES;
				GCC_C_LANGUAGE_STANDARD = gnu17;
				GCC_DYNAMIC_NO_PIC = NO;
				GCC_NO_COMMON_BLOCKS = YES;
				GCC_OPTIMIZATION_LEVEL = 0;
				GCC_PREPROCESSOR_DEFINITIONS = (
					"DEBUG=1",
					"$(inherited)",
				);
				GCC_WARN_64_TO_32_BIT_CONVERSION = YES;
				GCC_WARN_ABOUT_RETURN_TYPE = YES_ERROR;
				GCC_WARN_UNDECLARED_SELECTOR = YES;
				GCC_WARN_UNINITIALIZED_AUTOS = YES_AGGRESSIVE;
				GCC_WARN_UNUSED_FUNCTION = YES;
				GCC_WARN_UNUSED_VARIABLE = YES;
				LOCALIZATION_PREFERS_STRING_CATALOGS = YES;
				MTL_ENABLE_DEBUG_INFO = INCLUDE_SOURCE;
				MTL_FAST_MATH = YES;
				ONLY_ACTIVE_ARCH = YES;
				SWIFT_ACTIVE_COMPILATION_CONDITIONS = "DEBUG $(inherited)";
				SWIFT_OPTIMIZATION_LEVEL = "-Onone";
			};
			name = Debug;
		};
		807629F62C3A02DD007C91ED /* Release */ = {
			isa = XCBuildConfiguration;
			buildSettings = {
				ALWAYS_SEARCH_USER_PATHS = NO;
				ASSETCATALOG_COMPILER_GENERATE_SWIFT_ASSET_SYMBOL_EXTENSIONS = YES;
				CLANG_ANALYZER_NONNULL = YES;
				CLANG_ANALYZER_NUMBER_OBJECT_CONVERSION = YES_AGGRESSIVE;
				CLANG_CXX_LANGUAGE_STANDARD = "gnu++20";
				CLANG_ENABLE_MODULES = YES;
				CLANG_ENABLE_OBJC_ARC = YES;
				CLANG_ENABLE_OBJC_WEAK = YES;
				CLANG_WARN_BLOCK_CAPTURE_AUTORELEASING = YES;
				CLANG_WARN_BOOL_CONVERSION = YES;
				CLANG_WARN_COMMA = YES;
				CLANG_WARN_CONSTANT_CONVERSION = YES;
				CLANG_WARN_DEPRECATED_OBJC_IMPLEMENTATIONS = YES;
				CLANG_WARN_DIRECT_OBJC_ISA_USAGE = YES_ERROR;
				CLANG_WARN_DOCUMENTATION_COMMENTS = YES;
				CLANG_WARN_EMPTY_BODY = YES;
				CLANG_WARN_ENUM_CONVERSION = YES;
				CLANG_WARN_INFINITE_RECURSION = YES;
				CLANG_WARN_INT_CONVERSION = YES;
				CLANG_WARN_NON_LITERAL_NULL_CONVERSION = YES;
				CLANG_WARN_OBJC_IMPLICIT_RETAIN_SELF = YES;
				CLANG_WARN_OBJC_LITERAL_CONVERSION = YES;
				CLANG_WARN_OBJC_ROOT_CLASS = YES_ERROR;
				CLANG_WARN_QUOTED_INCLUDE_IN_FRAMEWORK_HEADER = YES;
				CLANG_WARN_RANGE_LOOP_ANALYSIS = YES;
				CLANG_WARN_STRICT_PROTOTYPES = YES;
				CLANG_WARN_SUSPICIOUS_MOVE = YES;
				CLANG_WARN_UNGUARDED_AVAILABILITY = YES_AGGRESSIVE;
				CLANG_WARN_UNREACHABLE_CODE = YES;
				CLANG_WARN__DUPLICATE_METHOD_MATCH = YES;
				COPY_PHASE_STRIP = NO;
				DEBUG_INFORMATION_FORMAT = "dwarf-with-dsym";
				ENABLE_NS_ASSERTIONS = NO;
				ENABLE_STRICT_OBJC_MSGSEND = YES;
				ENABLE_USER_SCRIPT_SANDBOXING = YES;
				GCC_C_LANGUAGE_STANDARD = gnu17;
				GCC_NO_COMMON_BLOCKS = YES;
				GCC_WARN_64_TO_32_BIT_CONVERSION = YES;
				GCC_WARN_ABOUT_RETURN_TYPE = YES_ERROR;
				GCC_WARN_UNDECLARED_SELECTOR = YES;
				GCC_WARN_UNINITIALIZED_AUTOS = YES_AGGRESSIVE;
				GCC_WARN_UNUSED_FUNCTION = YES;
				GCC_WARN_UNUSED_VARIABLE = YES;
				LOCALIZATION_PREFERS_STRING_CATALOGS = YES;
				MTL_ENABLE_DEBUG_INFO = NO;
				MTL_FAST_MATH = YES;
				SWIFT_COMPILATION_MODE = wholemodule;
			};
			name = Release;
		};
		807629F82C3A02DD007C91ED /* Debug */ = {
			isa = XCBuildConfiguration;
			buildSettings = {
				ALWAYS_EMBED_SWIFT_STANDARD_LIBRARIES = YES;
				ASSETCATALOG_COMPILER_APPICON_NAME = AppIcon;
				ASSETCATALOG_COMPILER_GLOBAL_ACCENT_COLOR_NAME = AccentColor;
				CODE_SIGN_ENTITLEMENTS = OpenTweet/OpenTweet.entitlements;
				CODE_SIGN_STYLE = Automatic;
				CURRENT_PROJECT_VERSION = 1;
				DEVELOPMENT_ASSET_PATHS = "\"OpenTweet/Preview Content\"";
				DEVELOPMENT_TEAM = 7CEG7XS8U4;
				ENABLE_HARDENED_RUNTIME = YES;
				ENABLE_PREVIEWS = YES;
				GENERATE_INFOPLIST_FILE = YES;
				"INFOPLIST_KEY_UIApplicationSceneManifest_Generation[sdk=iphoneos*]" = YES;
				"INFOPLIST_KEY_UIApplicationSceneManifest_Generation[sdk=iphonesimulator*]" = YES;
				"INFOPLIST_KEY_UIApplicationSupportsIndirectInputEvents[sdk=iphoneos*]" = YES;
				"INFOPLIST_KEY_UIApplicationSupportsIndirectInputEvents[sdk=iphonesimulator*]" = YES;
				"INFOPLIST_KEY_UILaunchScreen_Generation[sdk=iphoneos*]" = YES;
				"INFOPLIST_KEY_UILaunchScreen_Generation[sdk=iphonesimulator*]" = YES;
				"INFOPLIST_KEY_UIStatusBarStyle[sdk=iphoneos*]" = UIStatusBarStyleDefault;
				"INFOPLIST_KEY_UIStatusBarStyle[sdk=iphonesimulator*]" = UIStatusBarStyleDefault;
				INFOPLIST_KEY_UISupportedInterfaceOrientations_iPad = "UIInterfaceOrientationPortrait UIInterfaceOrientationPortraitUpsideDown UIInterfaceOrientationLandscapeLeft UIInterfaceOrientationLandscapeRight";
				INFOPLIST_KEY_UISupportedInterfaceOrientations_iPhone = "UIInterfaceOrientationPortrait UIInterfaceOrientationLandscapeLeft UIInterfaceOrientationLandscapeRight";
				IPHONEOS_DEPLOYMENT_TARGET = 17.5;
				LD_RUNPATH_SEARCH_PATHS = "@executable_path/Frameworks";
				"LD_RUNPATH_SEARCH_PATHS[sdk=macosx*]" = "@executable_path/../Frameworks";
				MACOSX_DEPLOYMENT_TARGET = 14.0;
				MARKETING_VERSION = 1.0;
				PRODUCT_BUNDLE_IDENTIFIER = com.omarzl.OpenTweet;
				PRODUCT_NAME = "$(TARGET_NAME)";
				SDKROOT = auto;
				SUPPORTED_PLATFORMS = "iphoneos iphonesimulator";
				SUPPORTS_MACCATALYST = NO;
				SWIFT_EMIT_LOC_STRINGS = YES;
				SWIFT_VERSION = 5.0;
				TARGETED_DEVICE_FAMILY = "1,2";
			};
			name = Debug;
		};
		807629F92C3A02DD007C91ED /* Release */ = {
			isa = XCBuildConfiguration;
			buildSettings = {
				ALWAYS_EMBED_SWIFT_STANDARD_LIBRARIES = YES;
				ASSETCATALOG_COMPILER_APPICON_NAME = AppIcon;
				ASSETCATALOG_COMPILER_GLOBAL_ACCENT_COLOR_NAME = AccentColor;
				CODE_SIGN_ENTITLEMENTS = OpenTweet/OpenTweet.entitlements;
				CODE_SIGN_STYLE = Automatic;
				CURRENT_PROJECT_VERSION = 1;
				DEVELOPMENT_ASSET_PATHS = "\"OpenTweet/Preview Content\"";
				DEVELOPMENT_TEAM = 7CEG7XS8U4;
				ENABLE_HARDENED_RUNTIME = YES;
				ENABLE_PREVIEWS = YES;
				GENERATE_INFOPLIST_FILE = YES;
				"INFOPLIST_KEY_UIApplicationSceneManifest_Generation[sdk=iphoneos*]" = YES;
				"INFOPLIST_KEY_UIApplicationSceneManifest_Generation[sdk=iphonesimulator*]" = YES;
				"INFOPLIST_KEY_UIApplicationSupportsIndirectInputEvents[sdk=iphoneos*]" = YES;
				"INFOPLIST_KEY_UIApplicationSupportsIndirectInputEvents[sdk=iphonesimulator*]" = YES;
				"INFOPLIST_KEY_UILaunchScreen_Generation[sdk=iphoneos*]" = YES;
				"INFOPLIST_KEY_UILaunchScreen_Generation[sdk=iphonesimulator*]" = YES;
				"INFOPLIST_KEY_UIStatusBarStyle[sdk=iphoneos*]" = UIStatusBarStyleDefault;
				"INFOPLIST_KEY_UIStatusBarStyle[sdk=iphonesimulator*]" = UIStatusBarStyleDefault;
				INFOPLIST_KEY_UISupportedInterfaceOrientations_iPad = "UIInterfaceOrientationPortrait UIInterfaceOrientationPortraitUpsideDown UIInterfaceOrientationLandscapeLeft UIInterfaceOrientationLandscapeRight";
				INFOPLIST_KEY_UISupportedInterfaceOrientations_iPhone = "UIInterfaceOrientationPortrait UIInterfaceOrientationLandscapeLeft UIInterfaceOrientationLandscapeRight";
				IPHONEOS_DEPLOYMENT_TARGET = 17.5;
				LD_RUNPATH_SEARCH_PATHS = "@executable_path/Frameworks";
				"LD_RUNPATH_SEARCH_PATHS[sdk=macosx*]" = "@executable_path/../Frameworks";
				MACOSX_DEPLOYMENT_TARGET = 14.0;
				MARKETING_VERSION = 1.0;
				PRODUCT_BUNDLE_IDENTIFIER = com.omarzl.OpenTweet;
				PRODUCT_NAME = "$(TARGET_NAME)";
				SDKROOT = auto;
				SUPPORTED_PLATFORMS = "iphoneos iphonesimulator";
				SUPPORTS_MACCATALYST = NO;
				SWIFT_EMIT_LOC_STRINGS = YES;
				SWIFT_VERSION = 5.0;
				TARGETED_DEVICE_FAMILY = "1,2";
			};
			name = Release;
		};
		807629FB2C3A02DD007C91ED /* Debug */ = {
			isa = XCBuildConfiguration;
			buildSettings = {
				ALWAYS_EMBED_SWIFT_STANDARD_LIBRARIES = YES;
				BUNDLE_LOADER = "$(TEST_HOST)";
				CODE_SIGN_STYLE = Automatic;
				CURRENT_PROJECT_VERSION = 1;
				DEVELOPMENT_TEAM = 7CEG7XS8U4;
				GENERATE_INFOPLIST_FILE = YES;
				IPHONEOS_DEPLOYMENT_TARGET = 17.5;
				MACOSX_DEPLOYMENT_TARGET = 14.5;
				MARKETING_VERSION = 1.0;
				PRODUCT_BUNDLE_IDENTIFIER = com.omarzl.OpenTweetTests;
				PRODUCT_NAME = "$(TARGET_NAME)";
				SDKROOT = auto;
				SUPPORTED_PLATFORMS = "iphoneos iphonesimulator macosx";
				SWIFT_EMIT_LOC_STRINGS = NO;
				SWIFT_VERSION = 5.0;
				TARGETED_DEVICE_FAMILY = "1,2";
				TEST_HOST = "$(BUILT_PRODUCTS_DIR)/OpenTweet.app/$(BUNDLE_EXECUTABLE_FOLDER_PATH)/OpenTweet";
			};
			name = Debug;
		};
		807629FC2C3A02DD007C91ED /* Release */ = {
			isa = XCBuildConfiguration;
			buildSettings = {
				ALWAYS_EMBED_SWIFT_STANDARD_LIBRARIES = YES;
				BUNDLE_LOADER = "$(TEST_HOST)";
				CODE_SIGN_STYLE = Automatic;
				CURRENT_PROJECT_VERSION = 1;
				DEVELOPMENT_TEAM = 7CEG7XS8U4;
				GENERATE_INFOPLIST_FILE = YES;
				IPHONEOS_DEPLOYMENT_TARGET = 17.5;
				MACOSX_DEPLOYMENT_TARGET = 14.5;
				MARKETING_VERSION = 1.0;
				PRODUCT_BUNDLE_IDENTIFIER = com.omarzl.OpenTweetTests;
				PRODUCT_NAME = "$(TARGET_NAME)";
				SDKROOT = auto;
				SUPPORTED_PLATFORMS = "iphoneos iphonesimulator macosx";
				SWIFT_EMIT_LOC_STRINGS = NO;
				SWIFT_VERSION = 5.0;
				TARGETED_DEVICE_FAMILY = "1,2";
				TEST_HOST = "$(BUILT_PRODUCTS_DIR)/OpenTweet.app/$(BUNDLE_EXECUTABLE_FOLDER_PATH)/OpenTweet";
			};
			name = Release;
		};
		807629FE2C3A02DD007C91ED /* Debug */ = {
			isa = XCBuildConfiguration;
			buildSettings = {
				ALWAYS_EMBED_SWIFT_STANDARD_LIBRARIES = YES;
				CODE_SIGN_STYLE = Automatic;
				CURRENT_PROJECT_VERSION = 1;
				DEVELOPMENT_TEAM = 7CEG7XS8U4;
				GENERATE_INFOPLIST_FILE = YES;
				IPHONEOS_DEPLOYMENT_TARGET = 17.5;
				MACOSX_DEPLOYMENT_TARGET = 14.5;
				MARKETING_VERSION = 1.0;
				PRODUCT_BUNDLE_IDENTIFIER = com.omarzl.OpenTweetUITests;
				PRODUCT_NAME = "$(TARGET_NAME)";
				SDKROOT = auto;
				SUPPORTED_PLATFORMS = "iphoneos iphonesimulator macosx";
				SWIFT_EMIT_LOC_STRINGS = NO;
				SWIFT_VERSION = 5.0;
				TARGETED_DEVICE_FAMILY = "1,2";
				TEST_TARGET_NAME = OpenTweet;
			};
			name = Debug;
		};
		807629FF2C3A02DD007C91ED /* Release */ = {
			isa = XCBuildConfiguration;
			buildSettings = {
				ALWAYS_EMBED_SWIFT_STANDARD_LIBRARIES = YES;
				CODE_SIGN_STYLE = Automatic;
				CURRENT_PROJECT_VERSION = 1;
				DEVELOPMENT_TEAM = 7CEG7XS8U4;
				GENERATE_INFOPLIST_FILE = YES;
				IPHONEOS_DEPLOYMENT_TARGET = 17.5;
				MACOSX_DEPLOYMENT_TARGET = 14.5;
				MARKETING_VERSION = 1.0;
				PRODUCT_BUNDLE_IDENTIFIER = com.omarzl.OpenTweetUITests;
				PRODUCT_NAME = "$(TARGET_NAME)";
				SDKROOT = auto;
				SUPPORTED_PLATFORMS = "iphoneos iphonesimulator macosx";
				SWIFT_EMIT_LOC_STRINGS = NO;
				SWIFT_VERSION = 5.0;
				TARGETED_DEVICE_FAMILY = "1,2";
				TEST_TARGET_NAME = OpenTweet;
			};
			name = Release;
		};
		80CD93CF2C3A067E007858DE /* Debug */ = {
			isa = XCBuildConfiguration;
			buildSettings = {
				BUILD_LIBRARY_FOR_DISTRIBUTION = YES;
				CODE_SIGN_STYLE = Automatic;
				CURRENT_PROJECT_VERSION = 1;
				DEVELOPMENT_TEAM = 7CEG7XS8U4;
				DYLIB_COMPATIBILITY_VERSION = 1;
				DYLIB_CURRENT_VERSION = 1;
				DYLIB_INSTALL_NAME_BASE = "@rpath";
				ENABLE_MODULE_VERIFIER = YES;
				GENERATE_INFOPLIST_FILE = YES;
				INFOPLIST_KEY_NSHumanReadableCopyright = "";
				INSTALL_PATH = "$(LOCAL_LIBRARY_DIR)/Frameworks";
				IPHONEOS_DEPLOYMENT_TARGET = 17.5;
				LD_RUNPATH_SEARCH_PATHS = (
					"$(inherited)",
					"@executable_path/Frameworks",
					"@loader_path/Frameworks",
				);
				MACH_O_TYPE = staticlib;
				MARKETING_VERSION = 1.0;
				MODULE_VERIFIER_SUPPORTED_LANGUAGES = "objective-c objective-c++";
				MODULE_VERIFIER_SUPPORTED_LANGUAGE_STANDARDS = "gnu17 gnu++20";
				PRODUCT_BUNDLE_IDENTIFIER = com.omarzl.NetworkingService;
				PRODUCT_NAME = "$(TARGET_NAME:c99extidentifier)";
				SDKROOT = iphoneos;
				SKIP_INSTALL = YES;
				SWIFT_EMIT_LOC_STRINGS = YES;
				SWIFT_INSTALL_OBJC_HEADER = NO;
				SWIFT_VERSION = 5.0;
				TARGETED_DEVICE_FAMILY = "1,2";
				VERSIONING_SYSTEM = "apple-generic";
				VERSION_INFO_PREFIX = "";
			};
			name = Debug;
		};
		80CD93D02C3A067E007858DE /* Release */ = {
			isa = XCBuildConfiguration;
			buildSettings = {
				BUILD_LIBRARY_FOR_DISTRIBUTION = YES;
				CODE_SIGN_STYLE = Automatic;
				CURRENT_PROJECT_VERSION = 1;
				DEVELOPMENT_TEAM = 7CEG7XS8U4;
				DYLIB_COMPATIBILITY_VERSION = 1;
				DYLIB_CURRENT_VERSION = 1;
				DYLIB_INSTALL_NAME_BASE = "@rpath";
				ENABLE_MODULE_VERIFIER = YES;
				GENERATE_INFOPLIST_FILE = YES;
				INFOPLIST_KEY_NSHumanReadableCopyright = "";
				INSTALL_PATH = "$(LOCAL_LIBRARY_DIR)/Frameworks";
				IPHONEOS_DEPLOYMENT_TARGET = 17.5;
				LD_RUNPATH_SEARCH_PATHS = (
					"$(inherited)",
					"@executable_path/Frameworks",
					"@loader_path/Frameworks",
				);
				MACH_O_TYPE = staticlib;
				MARKETING_VERSION = 1.0;
				MODULE_VERIFIER_SUPPORTED_LANGUAGES = "objective-c objective-c++";
				MODULE_VERIFIER_SUPPORTED_LANGUAGE_STANDARDS = "gnu17 gnu++20";
				PRODUCT_BUNDLE_IDENTIFIER = com.omarzl.NetworkingService;
				PRODUCT_NAME = "$(TARGET_NAME:c99extidentifier)";
				SDKROOT = iphoneos;
				SKIP_INSTALL = YES;
				SWIFT_EMIT_LOC_STRINGS = YES;
				SWIFT_INSTALL_OBJC_HEADER = NO;
				SWIFT_VERSION = 5.0;
				TARGETED_DEVICE_FAMILY = "1,2";
				VALIDATE_PRODUCT = YES;
				VERSIONING_SYSTEM = "apple-generic";
				VERSION_INFO_PREFIX = "";
			};
			name = Release;
		};
		80CD93D12C3A067E007858DE /* Debug */ = {
			isa = XCBuildConfiguration;
			buildSettings = {
				ALWAYS_EMBED_SWIFT_STANDARD_LIBRARIES = YES;
				CODE_SIGN_STYLE = Automatic;
				CURRENT_PROJECT_VERSION = 1;
				DEVELOPMENT_TEAM = 7CEG7XS8U4;
				GENERATE_INFOPLIST_FILE = YES;
				IPHONEOS_DEPLOYMENT_TARGET = 17.5;
				MARKETING_VERSION = 1.0;
				PRODUCT_BUNDLE_IDENTIFIER = com.omarzl.NetworkingServiceTests;
				PRODUCT_NAME = "$(TARGET_NAME)";
				SDKROOT = iphoneos;
				SWIFT_EMIT_LOC_STRINGS = NO;
				SWIFT_VERSION = 5.0;
				TARGETED_DEVICE_FAMILY = "1,2";
			};
			name = Debug;
		};
		80CD93D22C3A067E007858DE /* Release */ = {
			isa = XCBuildConfiguration;
			buildSettings = {
				ALWAYS_EMBED_SWIFT_STANDARD_LIBRARIES = YES;
				CODE_SIGN_STYLE = Automatic;
				CURRENT_PROJECT_VERSION = 1;
				DEVELOPMENT_TEAM = 7CEG7XS8U4;
				GENERATE_INFOPLIST_FILE = YES;
				IPHONEOS_DEPLOYMENT_TARGET = 17.5;
				MARKETING_VERSION = 1.0;
				PRODUCT_BUNDLE_IDENTIFIER = com.omarzl.NetworkingServiceTests;
				PRODUCT_NAME = "$(TARGET_NAME)";
				SDKROOT = iphoneos;
				SWIFT_EMIT_LOC_STRINGS = NO;
				SWIFT_VERSION = 5.0;
				TARGETED_DEVICE_FAMILY = "1,2";
				VALIDATE_PRODUCT = YES;
			};
			name = Release;
		};
		80CD93FE2C3A1500007858DE /* Debug */ = {
			isa = XCBuildConfiguration;
			buildSettings = {
				BUILD_LIBRARY_FOR_DISTRIBUTION = YES;
				CODE_SIGN_STYLE = Automatic;
				CURRENT_PROJECT_VERSION = 1;
				DEFINES_MODULE = YES;
				DEVELOPMENT_TEAM = 7CEG7XS8U4;
				DYLIB_COMPATIBILITY_VERSION = 1;
				DYLIB_CURRENT_VERSION = 1;
				DYLIB_INSTALL_NAME_BASE = "@rpath";
				ENABLE_MODULE_VERIFIER = YES;
				GENERATE_INFOPLIST_FILE = YES;
				INFOPLIST_KEY_NSHumanReadableCopyright = "";
				INSTALL_PATH = "$(LOCAL_LIBRARY_DIR)/Frameworks";
				IPHONEOS_DEPLOYMENT_TARGET = 17.5;
				LD_RUNPATH_SEARCH_PATHS = (
					"$(inherited)",
					"@executable_path/Frameworks",
					"@loader_path/Frameworks",
				);
				MARKETING_VERSION = 1.0;
				MODULE_VERIFIER_SUPPORTED_LANGUAGES = "objective-c objective-c++";
				MODULE_VERIFIER_SUPPORTED_LANGUAGE_STANDARDS = "gnu17 gnu++20";
				PRODUCT_BUNDLE_IDENTIFIER = com.omarzl.InjectionService;
				PRODUCT_NAME = "$(TARGET_NAME:c99extidentifier)";
				SDKROOT = iphoneos;
				SKIP_INSTALL = YES;
				SWIFT_EMIT_LOC_STRINGS = YES;
				SWIFT_INSTALL_OBJC_HEADER = NO;
				SWIFT_VERSION = 5.0;
				TARGETED_DEVICE_FAMILY = "1,2";
				VERSIONING_SYSTEM = "apple-generic";
				VERSION_INFO_PREFIX = "";
			};
			name = Debug;
		};
		80CD93FF2C3A1500007858DE /* Release */ = {
			isa = XCBuildConfiguration;
			buildSettings = {
				BUILD_LIBRARY_FOR_DISTRIBUTION = YES;
				CODE_SIGN_STYLE = Automatic;
				CURRENT_PROJECT_VERSION = 1;
				DEFINES_MODULE = YES;
				DEVELOPMENT_TEAM = 7CEG7XS8U4;
				DYLIB_COMPATIBILITY_VERSION = 1;
				DYLIB_CURRENT_VERSION = 1;
				DYLIB_INSTALL_NAME_BASE = "@rpath";
				ENABLE_MODULE_VERIFIER = YES;
				GENERATE_INFOPLIST_FILE = YES;
				INFOPLIST_KEY_NSHumanReadableCopyright = "";
				INSTALL_PATH = "$(LOCAL_LIBRARY_DIR)/Frameworks";
				IPHONEOS_DEPLOYMENT_TARGET = 17.5;
				LD_RUNPATH_SEARCH_PATHS = (
					"$(inherited)",
					"@executable_path/Frameworks",
					"@loader_path/Frameworks",
				);
				MARKETING_VERSION = 1.0;
				MODULE_VERIFIER_SUPPORTED_LANGUAGES = "objective-c objective-c++";
				MODULE_VERIFIER_SUPPORTED_LANGUAGE_STANDARDS = "gnu17 gnu++20";
				PRODUCT_BUNDLE_IDENTIFIER = com.omarzl.InjectionService;
				PRODUCT_NAME = "$(TARGET_NAME:c99extidentifier)";
				SDKROOT = iphoneos;
				SKIP_INSTALL = YES;
				SWIFT_EMIT_LOC_STRINGS = YES;
				SWIFT_INSTALL_OBJC_HEADER = NO;
				SWIFT_VERSION = 5.0;
				TARGETED_DEVICE_FAMILY = "1,2";
				VALIDATE_PRODUCT = YES;
				VERSIONING_SYSTEM = "apple-generic";
				VERSION_INFO_PREFIX = "";
			};
			name = Release;
		};
		80CD94012C3A1500007858DE /* Debug */ = {
			isa = XCBuildConfiguration;
			buildSettings = {
				ALWAYS_EMBED_SWIFT_STANDARD_LIBRARIES = YES;
				CODE_SIGN_STYLE = Automatic;
				CURRENT_PROJECT_VERSION = 1;
				DEVELOPMENT_TEAM = 7CEG7XS8U4;
				GENERATE_INFOPLIST_FILE = YES;
				IPHONEOS_DEPLOYMENT_TARGET = 17.5;
				MARKETING_VERSION = 1.0;
				PRODUCT_BUNDLE_IDENTIFIER = com.omarzl.InjectionServiceTests;
				PRODUCT_NAME = "$(TARGET_NAME)";
				SDKROOT = iphoneos;
				SWIFT_EMIT_LOC_STRINGS = NO;
				SWIFT_VERSION = 5.0;
				TARGETED_DEVICE_FAMILY = "1,2";
				TEST_HOST = "$(BUILT_PRODUCTS_DIR)/OpenTweet.app/$(BUNDLE_EXECUTABLE_FOLDER_PATH)/OpenTweet";
			};
			name = Debug;
		};
		80CD94022C3A1500007858DE /* Release */ = {
			isa = XCBuildConfiguration;
			buildSettings = {
				ALWAYS_EMBED_SWIFT_STANDARD_LIBRARIES = YES;
				CODE_SIGN_STYLE = Automatic;
				CURRENT_PROJECT_VERSION = 1;
				DEVELOPMENT_TEAM = 7CEG7XS8U4;
				GENERATE_INFOPLIST_FILE = YES;
				IPHONEOS_DEPLOYMENT_TARGET = 17.5;
				MARKETING_VERSION = 1.0;
				PRODUCT_BUNDLE_IDENTIFIER = com.omarzl.InjectionServiceTests;
				PRODUCT_NAME = "$(TARGET_NAME)";
				SDKROOT = iphoneos;
				SWIFT_EMIT_LOC_STRINGS = NO;
				SWIFT_VERSION = 5.0;
				TARGETED_DEVICE_FAMILY = "1,2";
				TEST_HOST = "$(BUILT_PRODUCTS_DIR)/OpenTweet.app/$(BUNDLE_EXECUTABLE_FOLDER_PATH)/OpenTweet";
				VALIDATE_PRODUCT = YES;
			};
			name = Release;
		};
		80CD940E2C3A1F56007858DE /* Debug */ = {
			isa = XCBuildConfiguration;
			buildSettings = {
				CODE_SIGN_STYLE = Automatic;
				DEVELOPMENT_TEAM = 7CEG7XS8U4;
				IPHONEOS_DEPLOYMENT_TARGET = 17.5;
				OTHER_LDFLAGS = "-ObjC";
				PRODUCT_NAME = "$(TARGET_NAME)";
				SDKROOT = iphoneos;
				SKIP_INSTALL = YES;
				SWIFT_VERSION = 5.0;
				TARGETED_DEVICE_FAMILY = "1,2";
			};
			name = Debug;
		};
		80CD940F2C3A1F56007858DE /* Release */ = {
			isa = XCBuildConfiguration;
			buildSettings = {
				CODE_SIGN_STYLE = Automatic;
				DEVELOPMENT_TEAM = 7CEG7XS8U4;
				IPHONEOS_DEPLOYMENT_TARGET = 17.5;
				OTHER_LDFLAGS = "-ObjC";
				PRODUCT_NAME = "$(TARGET_NAME)";
				SDKROOT = iphoneos;
				SKIP_INSTALL = YES;
				SWIFT_VERSION = 5.0;
				TARGETED_DEVICE_FAMILY = "1,2";
				VALIDATE_PRODUCT = YES;
			};
			name = Release;
		};
/* End XCBuildConfiguration section */

/* Begin XCConfigurationList section */
		807629CB2C3A02DC007C91ED /* Build configuration list for PBXProject "OpenTweet" */ = {
			isa = XCConfigurationList;
			buildConfigurations = (
				807629F52C3A02DD007C91ED /* Debug */,
				807629F62C3A02DD007C91ED /* Release */,
			);
			defaultConfigurationIsVisible = 0;
			defaultConfigurationName = Release;
		};
		807629F72C3A02DD007C91ED /* Build configuration list for PBXNativeTarget "OpenTweet" */ = {
			isa = XCConfigurationList;
			buildConfigurations = (
				807629F82C3A02DD007C91ED /* Debug */,
				807629F92C3A02DD007C91ED /* Release */,
			);
			defaultConfigurationIsVisible = 0;
			defaultConfigurationName = Release;
		};
		807629FA2C3A02DD007C91ED /* Build configuration list for PBXNativeTarget "OpenTweetTests" */ = {
			isa = XCConfigurationList;
			buildConfigurations = (
				807629FB2C3A02DD007C91ED /* Debug */,
				807629FC2C3A02DD007C91ED /* Release */,
			);
			defaultConfigurationIsVisible = 0;
			defaultConfigurationName = Release;
		};
		807629FD2C3A02DD007C91ED /* Build configuration list for PBXNativeTarget "OpenTweetUITests" */ = {
			isa = XCConfigurationList;
			buildConfigurations = (
				807629FE2C3A02DD007C91ED /* Debug */,
				807629FF2C3A02DD007C91ED /* Release */,
			);
			defaultConfigurationIsVisible = 0;
			defaultConfigurationName = Release;
		};
		80CD93D32C3A067E007858DE /* Build configuration list for PBXNativeTarget "NetworkingService" */ = {
			isa = XCConfigurationList;
			buildConfigurations = (
				80CD93CF2C3A067E007858DE /* Debug */,
				80CD93D02C3A067E007858DE /* Release */,
			);
			defaultConfigurationIsVisible = 0;
			defaultConfigurationName = Release;
		};
		80CD93D42C3A067E007858DE /* Build configuration list for PBXNativeTarget "NetworkingServiceTests" */ = {
			isa = XCConfigurationList;
			buildConfigurations = (
				80CD93D12C3A067E007858DE /* Debug */,
				80CD93D22C3A067E007858DE /* Release */,
			);
			defaultConfigurationIsVisible = 0;
			defaultConfigurationName = Release;
		};
		80CD93FD2C3A1500007858DE /* Build configuration list for PBXNativeTarget "InjectionService" */ = {
			isa = XCConfigurationList;
			buildConfigurations = (
				80CD93FE2C3A1500007858DE /* Debug */,
				80CD93FF2C3A1500007858DE /* Release */,
			);
			defaultConfigurationIsVisible = 0;
			defaultConfigurationName = Release;
		};
		80CD94002C3A1500007858DE /* Build configuration list for PBXNativeTarget "InjectionServiceTests" */ = {
			isa = XCConfigurationList;
			buildConfigurations = (
				80CD94012C3A1500007858DE /* Debug */,
				80CD94022C3A1500007858DE /* Release */,
			);
			defaultConfigurationIsVisible = 0;
			defaultConfigurationName = Release;
		};
		80CD940D2C3A1F56007858DE /* Build configuration list for PBXNativeTarget "NetworkingServiceInterface" */ = {
			isa = XCConfigurationList;
			buildConfigurations = (
				80CD940E2C3A1F56007858DE /* Debug */,
				80CD940F2C3A1F56007858DE /* Release */,
			);
			defaultConfigurationIsVisible = 0;
			defaultConfigurationName = Release;
		};
/* End XCConfigurationList section */
	};
	rootObject = 807629C82C3A02DC007C91ED /* Project object */;
}
